
Microsoft Visual Studio Solution File, Format Version 12.00
# Visual Studio 2012
Project("{8BC9CEB8-8B4A-11D0-8D11-00A0C91BC942}") = "CallPython", "CallPython.vcxproj", "{E87C5AB3-6EB3-490E-B0CE-4473B157FEDA}"
EndProject
Project("{8BC9CEB8-8B4A-11D0-8D11-00A0C91BC942}") = "ShowImage", "ShowImage.vcxproj", "{985E00E5-9F09-4836-AC5C-9EC226F8AE14}"
EndProject
Global
	GlobalSection(SolutionConfigurationPlatforms) = preSolution
		Debug|x64 = Debug|x64
		Release|x64 = Release|x64
	EndGlobalSection
	GlobalSection(ProjectConfigurationPlatforms) = postSolution
		{E87C5AB3-6EB3-490E-B0CE-4473B157FEDA}.Debug|x64.ActiveCfg = Debug|x64
		{E87C5AB3-6EB3-490E-B0CE-4473B157FEDA}.Debug|x64.Build.0 = Debug|x64
		{E87C5AB3-6EB3-490E-B0CE-4473B157FEDA}.Release|x64.ActiveCfg = Release|x64
		{E87C5AB3-6EB3-490E-B0CE-4473B157FEDA}.Release|x64.Build.0 = Release|x64
		{985E00E5-9F09-4836-AC5C-9EC226F8AE14}.Debug|x64.ActiveCfg = Debug|x64
		{985E00E5-9F09-4836-AC5C-9EC226F8AE14}.Debug|x64.Build.0 = Debug|x64
		{985E00E5-9F09-4836-AC5C-9EC226F8AE14}.Release|x64.ActiveCfg = Release|x64
		{985E00E5-9F09-4836-AC5C-9EC226F8AE14}.Release|x64.Build.0 = Release|x64
	EndGlobalSection
	GlobalSection(SolutionProperties) = preSolution
		HideSolutionNode = FALSE
	EndGlobalSection
EndGlobal
